
Microsoft Visual Studio Solution File, Format Version 12.00
# Visual Studio Version 17
VisualStudioVersion = 17.7.34202.233
MinimumVisualStudioVersion = 10.0.40219.1
Project("{FAE04EC0-301F-11D3-BF4B-00C04F79EFBC}") = "RestaurantRaterBooking", "RestaurantRaterBooking\RestaurantRaterBooking.csproj", "{AE89041C-AD23-496B-942E-FFE3848CD1C0}"
EndProject
Global
	GlobalSection(SolutionConfigurationPlatforms) = preSolution
		Debug|Any CPU = Debug|Any CPU
		Release|Any CPU = Release|Any CPU
	EndGlobalSection
	GlobalSection(ProjectConfigurationPlatforms) = postSolution
		{AE89041C-AD23-496B-942E-FFE3848CD1C0}.Debug|Any CPU.ActiveCfg = Debug|Any CPU
		{AE89041C-AD23-496B-942E-FFE3848CD1C0}.Debug|Any CPU.Build.0 = Debug|Any CPU
		{AE89041C-AD23-496B-942E-FFE3848CD1C0}.Release|Any CPU.ActiveCfg = Release|Any CPU
		{AE89041C-AD23-496B-942E-FFE3848CD1C0}.Release|Any CPU.Build.0 = Release|Any CPU
	EndGlobalSection
	GlobalSection(SolutionProperties) = preSolution
		HideSolutionNode = FALSE
	EndGlobalSection
	GlobalSection(ExtensibilityGlobals) = postSolution
		SolutionGuid = {DECCFCFE-5B49-46EF-B3BC-D73E6820B524}
	EndGlobalSection
EndGlobal
